
Microsoft Visual Studio Solution File, Format Version 12.00
# Visual Studio Version 17
VisualStudioVersion = 17.11.35312.102
MinimumVisualStudioVersion = 10.0.40219.1
Project("{9A19103F-16F7-4668-BE54-9A1E7A4F7556}") = "stage0", "stage0\stage0.csproj", "{2ABEFA80-F4A6-4824-93D7-78CA19BBDEFB}"
EndProject
Project("{2150E333-8FDC-42A3-9474-1A3956D46DE8}") = "Solution Items", "Solution Items", "{D048E432-68C4-46C1-BBB8-AD2A3C996420}"
	ProjectSection(SolutionItems) = preProject
		README.md = README.md
	EndProjectSection
EndProject
Project("{FAE04EC0-301F-11D3-BF4B-00C04F79EFBC}") = "DalFacade", "DalFacade\DalFacade.csproj", "{FCFC9E20-5091-49CD-A153-CE7EEA51638A}"
EndProject
Project("{FAE04EC0-301F-11D3-BF4B-00C04F79EFBC}") = "DalList", "DalList\DalList.csproj", "{89C327C9-5E3A-40CE-A2B6-0B633372C060}"
EndProject
Project("{FAE04EC0-301F-11D3-BF4B-00C04F79EFBC}") = "DalTest", "DalTest\DalTest.csproj", "{FBDFCFA6-AB92-4B13-8562-73A8AA757E16}"
EndProject
Project("{FAE04EC0-301F-11D3-BF4B-00C04F79EFBC}") = "DalXml", "DalXml\DalXml.csproj", "{BA57704A-4DE8-449F-A4F7-180C2872B126}"
EndProject
Project("{2150E333-8FDC-42A3-9474-1A3956D46DE8}") = "xml", "xml", "{C2D0F57E-99D3-455A-A4F4-93044A89F981}"
	ProjectSection(SolutionItems) = preProject
		xml\data-config.xml = xml\data-config.xml
		xml\assignments.xml = xml\assignments.xml
		xml\calls.xml = xml\calls.xml
		xml\volunteers.xml = xml\volunteers.xml
	EndProjectSection
EndProject
Global
	GlobalSection(SolutionConfigurationPlatforms) = preSolution
		Debug|Any CPU = Debug|Any CPU
		Release|Any CPU = Release|Any CPU
	EndGlobalSection
	GlobalSection(ProjectConfigurationPlatforms) = postSolution
		{2ABEFA80-F4A6-4824-93D7-78CA19BBDEFB}.Debug|Any CPU.ActiveCfg = Debug|Any CPU
		{2ABEFA80-F4A6-4824-93D7-78CA19BBDEFB}.Debug|Any CPU.Build.0 = Debug|Any CPU
		{2ABEFA80-F4A6-4824-93D7-78CA19BBDEFB}.Release|Any CPU.ActiveCfg = Release|Any CPU
		{2ABEFA80-F4A6-4824-93D7-78CA19BBDEFB}.Release|Any CPU.Build.0 = Release|Any CPU
		{FCFC9E20-5091-49CD-A153-CE7EEA51638A}.Debug|Any CPU.ActiveCfg = Debug|Any CPU
		{FCFC9E20-5091-49CD-A153-CE7EEA51638A}.Debug|Any CPU.Build.0 = Debug|Any CPU
		{FCFC9E20-5091-49CD-A153-CE7EEA51638A}.Release|Any CPU.ActiveCfg = Release|Any CPU
		{FCFC9E20-5091-49CD-A153-CE7EEA51638A}.Release|Any CPU.Build.0 = Release|Any CPU
		{89C327C9-5E3A-40CE-A2B6-0B633372C060}.Debug|Any CPU.ActiveCfg = Debug|Any CPU
		{89C327C9-5E3A-40CE-A2B6-0B633372C060}.Debug|Any CPU.Build.0 = Debug|Any CPU
		{89C327C9-5E3A-40CE-A2B6-0B633372C060}.Release|Any CPU.ActiveCfg = Release|Any CPU
		{89C327C9-5E3A-40CE-A2B6-0B633372C060}.Release|Any CPU.Build.0 = Release|Any CPU
		{FBDFCFA6-AB92-4B13-8562-73A8AA757E16}.Debug|Any CPU.ActiveCfg = Debug|Any CPU
		{FBDFCFA6-AB92-4B13-8562-73A8AA757E16}.Debug|Any CPU.Build.0 = Debug|Any CPU
		{FBDFCFA6-AB92-4B13-8562-73A8AA757E16}.Release|Any CPU.ActiveCfg = Release|Any CPU
		{FBDFCFA6-AB92-4B13-8562-73A8AA757E16}.Release|Any CPU.Build.0 = Release|Any CPU
		{BA57704A-4DE8-449F-A4F7-180C2872B126}.Debug|Any CPU.ActiveCfg = Debug|Any CPU
		{BA57704A-4DE8-449F-A4F7-180C2872B126}.Debug|Any CPU.Build.0 = Debug|Any CPU
		{BA57704A-4DE8-449F-A4F7-180C2872B126}.Release|Any CPU.ActiveCfg = Release|Any CPU
		{BA57704A-4DE8-449F-A4F7-180C2872B126}.Release|Any CPU.Build.0 = Release|Any CPU
	EndGlobalSection
	GlobalSection(SolutionProperties) = preSolution
		HideSolutionNode = FALSE
	EndGlobalSection
	GlobalSection(ExtensibilityGlobals) = postSolution
		SolutionGuid = {768D11E0-0A36-4D2B-89F6-BCD10FACAC61}
	EndGlobalSection
EndGlobal
